
Microsoft Visual Studio Solution File, Format Version 12.00
# Visual Studio Version 16
VisualStudioVersion = 16.0.32002.261
MinimumVisualStudioVersion = 10.0.40219.1
Project("{FAE04EC0-301F-11D3-BF4B-00C04F79EFBC}") = "BulletinBoard(Framework)", "BulletinBoard(Framework)\BulletinBoard(Framework).csproj", "{0802798E-A639-4412-972A-A87217251360}"
EndProject
Project("{FAE04EC0-301F-11D3-BF4B-00C04F79EFBC}") = "DAO", "DAO\DAO.csproj", "{4C7252BD-F782-4D61-B1DD-16FFAB9EFFCC}"
EndProject
Project("{FAE04EC0-301F-11D3-BF4B-00C04F79EFBC}") = "Entities", "Entities\Entities.csproj", "{C7A8A145-E0BB-4C08-9A14-9B24E53415A6}"
EndProject
Project("{FAE04EC0-301F-11D3-BF4B-00C04F79EFBC}") = "Services", "Services\Services.csproj", "{62040C56-8918-495A-9495-B8EACC38A1B2}"
EndProject
Global
	GlobalSection(SolutionConfigurationPlatforms) = preSolution
		Debug|Any CPU = Debug|Any CPU
		Release|Any CPU = Release|Any CPU
	EndGlobalSection
	GlobalSection(ProjectConfigurationPlatforms) = postSolution
		{0802798E-A639-4412-972A-A87217251360}.Debug|Any CPU.ActiveCfg = Debug|Any CPU
		{0802798E-A639-4412-972A-A87217251360}.Debug|Any CPU.Build.0 = Debug|Any CPU
		{0802798E-A639-4412-972A-A87217251360}.Release|Any CPU.ActiveCfg = Release|Any CPU
		{0802798E-A639-4412-972A-A87217251360}.Release|Any CPU.Build.0 = Release|Any CPU
		{4C7252BD-F782-4D61-B1DD-16FFAB9EFFCC}.Debug|Any CPU.ActiveCfg = Debug|Any CPU
		{4C7252BD-F782-4D61-B1DD-16FFAB9EFFCC}.Debug|Any CPU.Build.0 = Debug|Any CPU
		{4C7252BD-F782-4D61-B1DD-16FFAB9EFFCC}.Release|Any CPU.ActiveCfg = Release|Any CPU
		{4C7252BD-F782-4D61-B1DD-16FFAB9EFFCC}.Release|Any CPU.Build.0 = Release|Any CPU
		{C7A8A145-E0BB-4C08-9A14-9B24E53415A6}.Debug|Any CPU.ActiveCfg = Debug|Any CPU
		{C7A8A145-E0BB-4C08-9A14-9B24E53415A6}.Debug|Any CPU.Build.0 = Debug|Any CPU
		{C7A8A145-E0BB-4C08-9A14-9B24E53415A6}.Release|Any CPU.ActiveCfg = Release|Any CPU
		{C7A8A145-E0BB-4C08-9A14-9B24E53415A6}.Release|Any CPU.Build.0 = Release|Any CPU
		{62040C56-8918-495A-9495-B8EACC38A1B2}.Debug|Any CPU.ActiveCfg = Debug|Any CPU
		{62040C56-8918-495A-9495-B8EACC38A1B2}.Debug|Any CPU.Build.0 = Debug|Any CPU
		{62040C56-8918-495A-9495-B8EACC38A1B2}.Release|Any CPU.ActiveCfg = Release|Any CPU
		{62040C56-8918-495A-9495-B8EACC38A1B2}.Release|Any CPU.Build.0 = Release|Any CPU
	EndGlobalSection
	GlobalSection(SolutionProperties) = preSolution
		HideSolutionNode = FALSE
	EndGlobalSection
	GlobalSection(ExtensibilityGlobals) = postSolution
		SolutionGuid = {8F150968-7146-4B4A-B804-0F9EE501063B}
	EndGlobalSection
EndGlobal
